
Microsoft Visual Studio Solution File, Format Version 12.00
# Visual Studio Version 16
VisualStudioVersion = 16.0.31205.134
MinimumVisualStudioVersion = 10.0.40219.1
Project("{FAE04EC0-301F-11D3-BF4B-00C04F79EFBC}") = "WinFormsProyectoFinal2021", "WinFormsProyectoFinal2021.csproj", "{B00212A5-CF3C-469F-BA79-B1488D05A335}"
EndProject
Global
	GlobalSection(SolutionConfigurationPlatforms) = preSolution
		Debug|Any CPU = Debug|Any CPU
		Release|Any CPU = Release|Any CPU
	EndGlobalSection
	GlobalSection(ProjectConfigurationPlatforms) = postSolution
		{B00212A5-CF3C-469F-BA79-B1488D05A335}.Debug|Any CPU.ActiveCfg = Debug|Any CPU
		{B00212A5-CF3C-469F-BA79-B1488D05A335}.Debug|Any CPU.Build.0 = Debug|Any CPU
		{B00212A5-CF3C-469F-BA79-B1488D05A335}.Release|Any CPU.ActiveCfg = Release|Any CPU
		{B00212A5-CF3C-469F-BA79-B1488D05A335}.Release|Any CPU.Build.0 = Release|Any CPU
	EndGlobalSection
	GlobalSection(SolutionProperties) = preSolution
		HideSolutionNode = FALSE
	EndGlobalSection
	GlobalSection(ExtensibilityGlobals) = postSolution
		SolutionGuid = {DC2B715E-2842-477C-BA00-DF63E5E39ECB}
	EndGlobalSection
EndGlobal
